
Microsoft Visual Studio Solution File, Format Version 11.00
# Visual Studio 2010
Project("{FAE04EC0-301F-11D3-BF4B-00C04F79EFBC}") = "Assembly-CSharp", "Assembly-CSharp.csproj", "{0d826128-7271-19ee-49d6-71b85e639685}"
EndProject
Project("{FAE04EC0-301F-11D3-BF4B-00C04F79EFBC}") = "Assembly-CSharp-Editor", "Assembly-CSharp-Editor.csproj", "{32673ece-429d-7088-d5d7-78506301b8f8}"
EndProject
Global
	GlobalSection(SolutionConfigurationPlatforms) = preSolution
		Debug|Any CPU = Debug|Any CPU
		Release|Any CPU = Release|Any CPU
	EndGlobalSection
	GlobalSection(ProjectConfigurationPlatforms) = postSolution
		{0d826128-7271-19ee-49d6-71b85e639685}.Debug|Any CPU.ActiveCfg = Debug|Any CPU
		{0d826128-7271-19ee-49d6-71b85e639685}.Debug|Any CPU.Build.0 = Debug|Any CPU
		{0d826128-7271-19ee-49d6-71b85e639685}.Release|Any CPU.ActiveCfg = Release|Any CPU
		{0d826128-7271-19ee-49d6-71b85e639685}.Release|Any CPU.Build.0 = Release|Any CPU
		{32673ece-429d-7088-d5d7-78506301b8f8}.Debug|Any CPU.ActiveCfg = Debug|Any CPU
		{32673ece-429d-7088-d5d7-78506301b8f8}.Debug|Any CPU.Build.0 = Debug|Any CPU
		{32673ece-429d-7088-d5d7-78506301b8f8}.Release|Any CPU.ActiveCfg = Release|Any CPU
		{32673ece-429d-7088-d5d7-78506301b8f8}.Release|Any CPU.Build.0 = Release|Any CPU
	EndGlobalSection
	GlobalSection(SolutionProperties) = preSolution
		HideSolutionNode = FALSE
	EndGlobalSection
EndGlobal
